{
  "name": "landshade",
  "version": "1.0.0",
  "lockfileVersion": 3,
  "requires": true,
  "packages": {
    "": {
      "name": "landshade",
      "version": "1.0.0",
      "license": "ISC",
      "dependencies": {
        "@jaames/iro": "^5.5.2",
        "prettier": "^3.4.2"
      }
    },
    "node_modules/@irojs/iro-core": {
      "version": "1.2.1",
      "resolved": "https://registry.npmjs.org/@irojs/iro-core/-/iro-core-1.2.1.tgz",
      "integrity": "sha512-p2OvsBSSmidsDsTSkID6jEyXDF7lcyxPrkh3qBzasBZFpjkYd6kZ3yMWai3MlAaQ3F7li/Et7rSJVV09Fpei+A==",
      "license": "MPL-2.0"
    },
    "node_modules/@jaames/iro": {
      "version": "5.5.2",
      "resolved": "https://registry.npmjs.org/@jaames/iro/-/iro-5.5.2.tgz",
      "integrity": "sha512-Fbi5U4Vdkw6UsF+R3oMlPONqkvUDMkwzh+mX718gQsDFt3+1r1jvGsrfCbedmXAAy0WsjDHOrefK0BkDk99TQg==",
      "license": "MPL-2.0",
      "dependencies": {
        "@irojs/iro-core": "^1.2.1",
        "preact": "^10.0.0"
      }
    },
    "node_modules/preact": {
      "version": "10.25.4",
      "resolved": "https://registry.npmjs.org/preact/-/preact-10.25.4.tgz",
      "integrity": "sha512-jLdZDb+Q+odkHJ+MpW/9U5cODzqnB+fy2EiHSZES7ldV5LK7yjlVzTp7R8Xy6W6y75kfK8iWYtFVH7lvjwrCMA==",
      "license": "MIT",
      "funding": {
        "type": "opencollective",
        "url": "https://opencollective.com/preact"
      }
    },
    "node_modules/prettier": {
      "version": "3.4.2",
      "resolved": "https://registry.npmjs.org/prettier/-/prettier-3.4.2.tgz",
      "integrity": "sha512-e9MewbtFo+Fevyuxn/4rrcDAaq0IYxPGLvObpQjiZBMAzB9IGmzlnG9RZy3FFas+eBMu2vA0CszMeduow5dIuQ==",
      "license": "MIT",
      "bin": {
        "prettier": "bin/prettier.cjs"
      },
      "engines": {
        "node": ">=14"
      },
      "funding": {
        "url": "https://github.com/prettier/prettier?sponsor=1"
      }
    }
  }
}
